
Microsoft Visual Studio Solution File, Format Version 12.00
# Visual Studio Version 16
VisualStudioVersion = 16.0.32002.261
MinimumVisualStudioVersion = 10.0.40219.1
Project("{FAE04EC0-301F-11D3-BF4B-00C04F79EFBC}") = "Zadanie_4", "Zadanie_4\Zadanie_4.csproj", "{FCBAA138-1634-44D4-BCE2-0A4459614158}"
EndProject
Global
	GlobalSection(SolutionConfigurationPlatforms) = preSolution
		Debug|Any CPU = Debug|Any CPU
		Release|Any CPU = Release|Any CPU
	EndGlobalSection
	GlobalSection(ProjectConfigurationPlatforms) = postSolution
		{FCBAA138-1634-44D4-BCE2-0A4459614158}.Debug|Any CPU.ActiveCfg = Debug|Any CPU
		{FCBAA138-1634-44D4-BCE2-0A4459614158}.Debug|Any CPU.Build.0 = Debug|Any CPU
		{FCBAA138-1634-44D4-BCE2-0A4459614158}.Release|Any CPU.ActiveCfg = Release|Any CPU
		{FCBAA138-1634-44D4-BCE2-0A4459614158}.Release|Any CPU.Build.0 = Release|Any CPU
	EndGlobalSection
	GlobalSection(SolutionProperties) = preSolution
		HideSolutionNode = FALSE
	EndGlobalSection
	GlobalSection(ExtensibilityGlobals) = postSolution
		SolutionGuid = {E1C9C67D-167B-47F7-AC3C-073EB0B565BA}
	EndGlobalSection
EndGlobal
